
Microsoft Visual Studio Solution File, Format Version 12.00
# Visual Studio Version 16
VisualStudioVersion = 16.0.30907.101
MinimumVisualStudioVersion = 10.0.40219.1
Project("{8BC9CEB8-8B4A-11D0-8D11-00A0C91BC942}") = "rtmp_cap", "rtmp_cap\rtmp_cap.vcxproj", "{B48E7291-567F-4EF7-B39C-82BC680F417D}"
EndProject
Global
	GlobalSection(SolutionConfigurationPlatforms) = preSolution
		Debug|x64 = Debug|x64
		Debug|x86 = Debug|x86
		Release|x64 = Release|x64
		Release|x86 = Release|x86
	EndGlobalSection
	GlobalSection(ProjectConfigurationPlatforms) = postSolution
		{B48E7291-567F-4EF7-B39C-82BC680F417D}.Debug|x64.ActiveCfg = Debug|x64
		{B48E7291-567F-4EF7-B39C-82BC680F417D}.Debug|x64.Build.0 = Debug|x64
		{B48E7291-567F-4EF7-B39C-82BC680F417D}.Debug|x86.ActiveCfg = Debug|Win32
		{B48E7291-567F-4EF7-B39C-82BC680F417D}.Debug|x86.Build.0 = Debug|Win32
		{B48E7291-567F-4EF7-B39C-82BC680F417D}.Release|x64.ActiveCfg = Release|x64
		{B48E7291-567F-4EF7-B39C-82BC680F417D}.Release|x64.Build.0 = Release|x64
		{B48E7291-567F-4EF7-B39C-82BC680F417D}.Release|x86.ActiveCfg = Release|Win32
		{B48E7291-567F-4EF7-B39C-82BC680F417D}.Release|x86.Build.0 = Release|Win32
	EndGlobalSection
	GlobalSection(SolutionProperties) = preSolution
		HideSolutionNode = FALSE
	EndGlobalSection
	GlobalSection(ExtensibilityGlobals) = postSolution
		SolutionGuid = {2F98974E-233D-4197-8A8E-41827FC888E8}
	EndGlobalSection
EndGlobal
